
Microsoft Visual Studio Solution File, Format Version 12.00
# Visual Studio Version 17
VisualStudioVersion = 17.4.33122.133
MinimumVisualStudioVersion = 10.0.40219.1
Project("{FAE04EC0-301F-11D3-BF4B-00C04F79EFBC}") = "crud", "crud\crud.csproj", "{0D777CDC-C770-411A-B1CB-7DDA2C29A3BD}"
EndProject
Global
	GlobalSection(SolutionConfigurationPlatforms) = preSolution
		Debug|Any CPU = Debug|Any CPU
		Release|Any CPU = Release|Any CPU
	EndGlobalSection
	GlobalSection(ProjectConfigurationPlatforms) = postSolution
		{0D777CDC-C770-411A-B1CB-7DDA2C29A3BD}.Debug|Any CPU.ActiveCfg = Debug|Any CPU
		{0D777CDC-C770-411A-B1CB-7DDA2C29A3BD}.Debug|Any CPU.Build.0 = Debug|Any CPU
		{0D777CDC-C770-411A-B1CB-7DDA2C29A3BD}.Release|Any CPU.ActiveCfg = Release|Any CPU
		{0D777CDC-C770-411A-B1CB-7DDA2C29A3BD}.Release|Any CPU.Build.0 = Release|Any CPU
	EndGlobalSection
	GlobalSection(SolutionProperties) = preSolution
		HideSolutionNode = FALSE
	EndGlobalSection
	GlobalSection(ExtensibilityGlobals) = postSolution
		SolutionGuid = {BD60D042-B64B-4ACF-AFEF-6F5AD0D6906D}
	EndGlobalSection
EndGlobal
